
Microsoft Visual Studio Solution File, Format Version 12.00
# Visual Studio Version 17
VisualStudioVersion = 17.5.33516.290
MinimumVisualStudioVersion = 10.0.40219.1
Project("{FAE04EC0-301F-11D3-BF4B-00C04F79EFBC}") = "LinqGroupAggregate", "LinqGroupAggregate.csproj", "{167C0406-0E3A-4B88-B379-C4B6F6113562}"
EndProject
Global
	GlobalSection(SolutionConfigurationPlatforms) = preSolution
		Debug|Any CPU = Debug|Any CPU
		Release|Any CPU = Release|Any CPU
	EndGlobalSection
	GlobalSection(ProjectConfigurationPlatforms) = postSolution
		{167C0406-0E3A-4B88-B379-C4B6F6113562}.Debug|Any CPU.ActiveCfg = Debug|Any CPU
		{167C0406-0E3A-4B88-B379-C4B6F6113562}.Debug|Any CPU.Build.0 = Debug|Any CPU
		{167C0406-0E3A-4B88-B379-C4B6F6113562}.Release|Any CPU.ActiveCfg = Release|Any CPU
		{167C0406-0E3A-4B88-B379-C4B6F6113562}.Release|Any CPU.Build.0 = Release|Any CPU
	EndGlobalSection
	GlobalSection(SolutionProperties) = preSolution
		HideSolutionNode = FALSE
	EndGlobalSection
	GlobalSection(ExtensibilityGlobals) = postSolution
		SolutionGuid = {448CCEF0-0FDE-4280-93ED-11815DADD186}
	EndGlobalSection
EndGlobal
