
Microsoft Visual Studio Solution File, Format Version 12.00
# Visual Studio Version 17
VisualStudioVersion = 17.5.33516.290
MinimumVisualStudioVersion = 10.0.40219.1
Project("{FAE04EC0-301F-11D3-BF4B-00C04F79EFBC}") = "LinqFilterAndSort", "LinqFilterAndSort.csproj", "{A48EC105-1C6E-4F35-914E-362E4092E5E7}"
EndProject
Global
	GlobalSection(SolutionConfigurationPlatforms) = preSolution
		Debug|Any CPU = Debug|Any CPU
		Release|Any CPU = Release|Any CPU
	EndGlobalSection
	GlobalSection(ProjectConfigurationPlatforms) = postSolution
		{A48EC105-1C6E-4F35-914E-362E4092E5E7}.Debug|Any CPU.ActiveCfg = Debug|Any CPU
		{A48EC105-1C6E-4F35-914E-362E4092E5E7}.Debug|Any CPU.Build.0 = Debug|Any CPU
		{A48EC105-1C6E-4F35-914E-362E4092E5E7}.Release|Any CPU.ActiveCfg = Release|Any CPU
		{A48EC105-1C6E-4F35-914E-362E4092E5E7}.Release|Any CPU.Build.0 = Release|Any CPU
	EndGlobalSection
	GlobalSection(SolutionProperties) = preSolution
		HideSolutionNode = FALSE
	EndGlobalSection
	GlobalSection(ExtensibilityGlobals) = postSolution
		SolutionGuid = {9BB26D76-B320-46D3-8951-B3AD7A0661F7}
	EndGlobalSection
EndGlobal
