
Microsoft Visual Studio Solution File, Format Version 12.00
# Visual Studio Version 17
VisualStudioVersion = 17.5.33516.290
MinimumVisualStudioVersion = 10.0.40219.1
Project("{FAE04EC0-301F-11D3-BF4B-00C04F79EFBC}") = "QueryOptimizationApp", "QueryOptimizationApp.csproj", "{0B319402-C764-4439-8E7E-C67521905066}"
EndProject
Global
	GlobalSection(SolutionConfigurationPlatforms) = preSolution
		Debug|Any CPU = Debug|Any CPU
		Release|Any CPU = Release|Any CPU
	EndGlobalSection
	GlobalSection(ProjectConfigurationPlatforms) = postSolution
		{0B319402-C764-4439-8E7E-C67521905066}.Debug|Any CPU.ActiveCfg = Debug|Any CPU
		{0B319402-C764-4439-8E7E-C67521905066}.Debug|Any CPU.Build.0 = Debug|Any CPU
		{0B319402-C764-4439-8E7E-C67521905066}.Release|Any CPU.ActiveCfg = Release|Any CPU
		{0B319402-C764-4439-8E7E-C67521905066}.Release|Any CPU.Build.0 = Release|Any CPU
	EndGlobalSection
	GlobalSection(SolutionProperties) = preSolution
		HideSolutionNode = FALSE
	EndGlobalSection
	GlobalSection(ExtensibilityGlobals) = postSolution
		SolutionGuid = {25A6FC8A-D453-4F35-A054-A7ED32301103}
	EndGlobalSection
EndGlobal
