
Microsoft Visual Studio Solution File, Format Version 12.00
# Visual Studio Version 17
VisualStudioVersion = 17.5.33516.290
MinimumVisualStudioVersion = 10.0.40219.1
Project("{FAE04EC0-301F-11D3-BF4B-00C04F79EFBC}") = "StackApp", "StackApp.csproj", "{FE22D55F-907B-40F7-B680-A3F70BA7D16E}"
EndProject
Global
	GlobalSection(SolutionConfigurationPlatforms) = preSolution
		Debug|Any CPU = Debug|Any CPU
		Release|Any CPU = Release|Any CPU
	EndGlobalSection
	GlobalSection(ProjectConfigurationPlatforms) = postSolution
		{FE22D55F-907B-40F7-B680-A3F70BA7D16E}.Debug|Any CPU.ActiveCfg = Debug|Any CPU
		{FE22D55F-907B-40F7-B680-A3F70BA7D16E}.Debug|Any CPU.Build.0 = Debug|Any CPU
		{FE22D55F-907B-40F7-B680-A3F70BA7D16E}.Release|Any CPU.ActiveCfg = Release|Any CPU
		{FE22D55F-907B-40F7-B680-A3F70BA7D16E}.Release|Any CPU.Build.0 = Release|Any CPU
	EndGlobalSection
	GlobalSection(SolutionProperties) = preSolution
		HideSolutionNode = FALSE
	EndGlobalSection
	GlobalSection(ExtensibilityGlobals) = postSolution
		SolutionGuid = {150F6A48-13C2-478D-9EEC-63772C3288F0}
	EndGlobalSection
EndGlobal
